// !$*UTF8*$!
{
	archiveVersion = 1;
	classes = {
	};
	objectVersion = 46;
	objects = {

/* Begin PBXBuildFile section */
		251281011AB5767A00135517 /* NewFeatureController.m in Sources */ = {isa = PBXBuildFile; fileRef = 251281001AB5767A00135517 /* NewFeatureController.m */; };
		251E33261AB9899F0028DBC3 /* HJUser.m in Sources */ = {isa = PBXBuildFile; fileRef = 251E33251AB9899F0028DBC3 /* HJUser.m */; };
		251E33311AB98E430028DBC3 /* NSBundle+Load.m in Sources */ = {isa = PBXBuildFile; fileRef = 251E33301AB98E430028DBC3 /* NSBundle+Load.m */; };
		252376F11AB53C5A00455BC8 /* Tabbar.m in Sources */ = {isa = PBXBuildFile; fileRef = 252376F01AB53C5A00455BC8 /* Tabbar.m */; };
		252376F81AB55E8400455BC8 /* ComposeMessageController.m in Sources */ = {isa = PBXBuildFile; fileRef = 252376F71AB55E8400455BC8 /* ComposeMessageController.m */; };
		253D52321AC2CDD300C822F3 /* HJPhotosView.m in Sources */ = {isa = PBXBuildFile; fileRef = 253D52311AC2CDD300C822F3 /* HJPhotosView.m */; };
		253D52381AC2E21500C822F3 /* HJStatusPhoto.m in Sources */ = {isa = PBXBuildFile; fileRef = 253D52371AC2E21500C822F3 /* HJStatusPhoto.m */; };
		25450C681ABEA9F9007F6D35 /* HJStatusModel.m in Sources */ = {isa = PBXBuildFile; fileRef = 25450C671ABEA9F9007F6D35 /* HJStatusModel.m */; };
		254695861AAC0AB000122053 /* AuthorizationController.m in Sources */ = {isa = PBXBuildFile; fileRef = 254695851AAC0AB000122053 /* AuthorizationController.m */; };
		2546959C1AAC1FC000122053 /* AFHTTPRequestOperation.m in Sources */ = {isa = PBXBuildFile; fileRef = 2546958A1AAC1FC000122053 /* AFHTTPRequestOperation.m */; };
		2546959D1AAC1FC000122053 /* AFHTTPRequestOperationManager.m in Sources */ = {isa = PBXBuildFile; fileRef = 2546958C1AAC1FC000122053 /* AFHTTPRequestOperationManager.m */; };
		2546959E1AAC1FC000122053 /* AFHTTPSessionManager.m in Sources */ = {isa = PBXBuildFile; fileRef = 2546958E1AAC1FC000122053 /* AFHTTPSessionManager.m */; };
		2546959F1AAC1FC000122053 /* AFNetworkReachabilityManager.m in Sources */ = {isa = PBXBuildFile; fileRef = 254695911AAC1FC000122053 /* AFNetworkReachabilityManager.m */; };
		254695A01AAC1FC000122053 /* AFSecurityPolicy.m in Sources */ = {isa = PBXBuildFile; fileRef = 254695931AAC1FC000122053 /* AFSecurityPolicy.m */; };
		254695A11AAC1FC000122053 /* AFURLConnectionOperation.m in Sources */ = {isa = PBXBuildFile; fileRef = 254695951AAC1FC000122053 /* AFURLConnectionOperation.m */; };
		254695A21AAC1FC000122053 /* AFURLRequestSerialization.m in Sources */ = {isa = PBXBuildFile; fileRef = 254695971AAC1FC000122053 /* AFURLRequestSerialization.m */; };
		254695A31AAC1FC000122053 /* AFURLResponseSerialization.m in Sources */ = {isa = PBXBuildFile; fileRef = 254695991AAC1FC000122053 /* AFURLResponseSerialization.m */; };
		254695A41AAC1FC000122053 /* AFURLSessionManager.m in Sources */ = {isa = PBXBuildFile; fileRef = 2546959B1AAC1FC000122053 /* AFURLSessionManager.m */; };
		254695A71AAC226800122053 /* TabBarController.m in Sources */ = {isa = PBXBuildFile; fileRef = 254695A61AAC226800122053 /* TabBarController.m */; };
		254695AB1AAC351100122053 /* SearchBar.m in Sources */ = {isa = PBXBuildFile; fileRef = 254695AA1AAC351100122053 /* SearchBar.m */; };
		254695AE1AAC397300122053 /* UIView+Extention.m in Sources */ = {isa = PBXBuildFile; fileRef = 254695AD1AAC397300122053 /* UIView+Extention.m */; };
		254695B11AAC415000122053 /* TitleButton.m in Sources */ = {isa = PBXBuildFile; fileRef = 254695B01AAC415000122053 /* TitleButton.m */; };
		254856071ABA76C7006C66F8 /* HJImageView.m in Sources */ = {isa = PBXBuildFile; fileRef = 254856061ABA76C7006C66F8 /* HJImageView.m */; };
		2548560A1ABA8174006C66F8 /* HJLoadMore.m in Sources */ = {isa = PBXBuildFile; fileRef = 254856091ABA8174006C66F8 /* HJLoadMore.m */; };
		2548560E1ABAA4AB006C66F8 /* HJTextView.m in Sources */ = {isa = PBXBuildFile; fileRef = 2548560D1ABAA4AB006C66F8 /* HJTextView.m */; };
		254856111ABAAECE006C66F8 /* HJPhotoView.m in Sources */ = {isa = PBXBuildFile; fileRef = 254856101ABAAECE006C66F8 /* HJPhotoView.m */; };
		254856141ABABC86006C66F8 /* HJToolBar.m in Sources */ = {isa = PBXBuildFile; fileRef = 254856131ABABC86006C66F8 /* HJToolBar.m */; };
		255345561ABC0AC0001EF900 /* HJHttpTool.m in Sources */ = {isa = PBXBuildFile; fileRef = 255345551ABC0AC0001EF900 /* HJHttpTool.m */; };
		2553455D1ABC1DA3001EF900 /* UnreadModal.m in Sources */ = {isa = PBXBuildFile; fileRef = 2553455C1ABC1DA3001EF900 /* UnreadModal.m */; };
		25D00F101AA9A3CF0049C2F2 /* main.m in Sources */ = {isa = PBXBuildFile; fileRef = 25D00F0F1AA9A3CF0049C2F2 /* main.m */; };
		25D00F1B1AA9A3CF0049C2F2 /* Images.xcassets in Resources */ = {isa = PBXBuildFile; fileRef = 25D00F1A1AA9A3CF0049C2F2 /* Images.xcassets */; };
		25D00F1E1AA9A3CF0049C2F2 /* LaunchScreen.xib in Resources */ = {isa = PBXBuildFile; fileRef = 25D00F1C1AA9A3CF0049C2F2 /* LaunchScreen.xib */; };
		25D00F2A1AA9A3CF0049C2F2 /* SinaTests.m in Sources */ = {isa = PBXBuildFile; fileRef = 25D00F291AA9A3CF0049C2F2 /* SinaTests.m */; };
		25D013BC1AA9A4380049C2F2 /* DiscoveryController.m in Sources */ = {isa = PBXBuildFile; fileRef = 25D00F371AA9A4370049C2F2 /* DiscoveryController.m */; };
		25D013BD1AA9A4380049C2F2 /* HomeController.m in Sources */ = {isa = PBXBuildFile; fileRef = 25D00F3D1AA9A4370049C2F2 /* HomeController.m */; };
		25D013C11AA9A4380049C2F2 /* AppDelegate.m in Sources */ = {isa = PBXBuildFile; fileRef = 25D00F4B1AA9A4370049C2F2 /* AppDelegate.m */; };
		25D015371AA9A4380049C2F2 /* UIImage+Extendion.m in Sources */ = {isa = PBXBuildFile; fileRef = 25D013AC1AA9A4380049C2F2 /* UIImage+Extendion.m */; };
		25D015381AA9A4380049C2F2 /* Utility.m in Sources */ = {isa = PBXBuildFile; fileRef = 25D013AE1AA9A4380049C2F2 /* Utility.m */; };
		25D015391AA9A4380049C2F2 /* MeController.m in Sources */ = {isa = PBXBuildFile; fileRef = 25D013B31AA9A4380049C2F2 /* MeController.m */; };
		25D0153A1AA9A4380049C2F2 /* MessageController.m in Sources */ = {isa = PBXBuildFile; fileRef = 25D013B91AA9A4380049C2F2 /* MessageController.m */; };
		25D0153D1AA9A9C10049C2F2 /* NavigationController.m in Sources */ = {isa = PBXBuildFile; fileRef = 25D0153C1AA9A9C10049C2F2 /* NavigationController.m */; };
		25D015401AA9AA620049C2F2 /* UITabBarController+Extention.m in Sources */ = {isa = PBXBuildFile; fileRef = 25D0153F1AA9AA620049C2F2 /* UITabBarController+Extention.m */; };
		25D015431AA9BB9C0049C2F2 /* HomeViewController1.m in Sources */ = {isa = PBXBuildFile; fileRef = 25D015421AA9BB9C0049C2F2 /* HomeViewController1.m */; };
		25D015461AA9BC0C0049C2F2 /* UIViewController+Extention.m in Sources */ = {isa = PBXBuildFile; fileRef = 25D015451AA9BC0C0049C2F2 /* UIViewController+Extention.m */; };
		25D015491AA9CCA90049C2F2 /* MessageDetailController.m in Sources */ = {isa = PBXBuildFile; fileRef = 25D015481AA9CCA90049C2F2 /* MessageDetailController.m */; };
		25EA006B1AC4040500CCFE5F /* HJAvatorView.m in Sources */ = {isa = PBXBuildFile; fileRef = 25EA006A1AC4040500CCFE5F /* HJAvatorView.m */; };
		25FDB5AB1ABFA00F007CB5D7 /* NSDate+Extention.m in Sources */ = {isa = PBXBuildFile; fileRef = 25FDB5AA1ABFA00F007CB5D7 /* NSDate+Extention.m */; };
		25FDB5AF1ABFA44B007CB5D7 /* HJRemoteImageView.m in Sources */ = {isa = PBXBuildFile; fileRef = 25FDB5AE1ABFA44B007CB5D7 /* HJRemoteImageView.m */; };
		25FDB5B21ABFB912007CB5D7 /* HJImageCache.m in Sources */ = {isa = PBXBuildFile; fileRef = 25FDB5B11ABFB912007CB5D7 /* HJImageCache.m */; };
		25FDB5CD1AC03819007CB5D7 /* HJStatusFrame.m in Sources */ = {isa = PBXBuildFile; fileRef = 25FDB5CC1AC03819007CB5D7 /* HJStatusFrame.m */; };
		25FDB5D01AC03844007CB5D7 /* HJOriginViewFrame.m in Sources */ = {isa = PBXBuildFile; fileRef = 25FDB5CF1AC03844007CB5D7 /* HJOriginViewFrame.m */; };
		25FDB5D31AC03859007CB5D7 /* HJRetweentedViewFrame.m in Sources */ = {isa = PBXBuildFile; fileRef = 25FDB5D21AC03859007CB5D7 /* HJRetweentedViewFrame.m */; };
		25FDB5D61AC03871007CB5D7 /* HJToolBarFrame.m in Sources */ = {isa = PBXBuildFile; fileRef = 25FDB5D51AC03871007CB5D7 /* HJToolBarFrame.m */; };
		25FDB5D91AC03B5B007CB5D7 /* HJStatusDetailFrame.m in Sources */ = {isa = PBXBuildFile; fileRef = 25FDB5D81AC03B5B007CB5D7 /* HJStatusDetailFrame.m */; };
		25FDB5DC1AC05A21007CB5D7 /* HJStatusCell.m in Sources */ = {isa = PBXBuildFile; fileRef = 25FDB5DB1AC05A21007CB5D7 /* HJStatusCell.m */; };
		25FDB5DF1AC05A48007CB5D7 /* HJStatusDetailView.m in Sources */ = {isa = PBXBuildFile; fileRef = 25FDB5DE1AC05A48007CB5D7 /* HJStatusDetailView.m */; };
		25FDB5E21AC05A69007CB5D7 /* HJRetweenedView.m in Sources */ = {isa = PBXBuildFile; fileRef = 25FDB5E11AC05A69007CB5D7 /* HJRetweenedView.m */; };
		25FDB5E51AC05A7C007CB5D7 /* HJOriginView.m in Sources */ = {isa = PBXBuildFile; fileRef = 25FDB5E41AC05A7C007CB5D7 /* HJOriginView.m */; };
		25FDB5E81AC05B99007CB5D7 /* HJTooView.m in Sources */ = {isa = PBXBuildFile; fileRef = 25FDB5E71AC05B99007CB5D7 /* HJTooView.m */; };
		C3E9FE423D948D1F930CC3BA /* libPods.a in Frameworks */ = {isa = PBXBuildFile; fileRef = AC2847FDCB89C059E7EE6FBF /* libPods.a */; };
/* End PBXBuildFile section */

/* Begin PBXContainerItemProxy section */
		25D00F241AA9A3CF0049C2F2 /* PBXContainerItemProxy */ = {
			isa = PBXContainerItemProxy;
			containerPortal = 25D00F021AA9A3CF0049C2F2 /* Project object */;
			proxyType = 1;
			remoteGlobalIDString = 25D00F091AA9A3CF0049C2F2;
			remoteInfo = Sina;
		};
/* End PBXContainerItemProxy section */

/* Begin PBXFileReference section */
		251280FF1AB5767A00135517 /* NewFeatureController.h */ = {isa = PBXFileReference; fileEncoding = 4; lastKnownFileType = sourcecode.c.h; path = NewFeatureController.h; sourceTree = "<group>"; };
		251281001AB5767A00135517 /* NewFeatureController.m */ = {isa = PBXFileReference; fileEncoding = 4; lastKnownFileType = sourcecode.c.objc; path = NewFeatureController.m; sourceTree = "<group>"; };
		251E33241AB9899F0028DBC3 /* HJUser.h */ = {isa = PBXFileReference; fileEncoding = 4; lastKnownFileType = sourcecode.c.h; name = HJUser.h; path = ../View/HJUser.h; sourceTree = "<group>"; };
		251E33251AB9899F0028DBC3 /* HJUser.m */ = {isa = PBXFileReference; fileEncoding = 4; lastKnownFileType = sourcecode.c.objc; name = HJUser.m; path = ../View/HJUser.m; sourceTree = "<group>"; };
		251E332F1AB98E430028DBC3 /* NSBundle+Load.h */ = {isa = PBXFileReference; fileEncoding = 4; lastKnownFileType = sourcecode.c.h; path = "NSBundle+Load.h"; sourceTree = "<group>"; };
		251E33301AB98E430028DBC3 /* NSBundle+Load.m */ = {isa = PBXFileReference; fileEncoding = 4; lastKnownFileType = sourcecode.c.objc; path = "NSBundle+Load.m"; sourceTree = "<group>"; };
		252376EF1AB53C5A00455BC8 /* Tabbar.h */ = {isa = PBXFileReference; fileEncoding = 4; lastKnownFileType = sourcecode.c.h; path = Tabbar.h; sourceTree = "<group>"; };
		252376F01AB53C5A00455BC8 /* Tabbar.m */ = {isa = PBXFileReference; fileEncoding = 4; lastKnownFileType = sourcecode.c.objc; path = Tabbar.m; sourceTree = "<group>"; };
		252376F61AB55E8400455BC8 /* ComposeMessageController.h */ = {isa = PBXFileReference; fileEncoding = 4; lastKnownFileType = sourcecode.c.h; path = ComposeMessageController.h; sourceTree = "<group>"; };
		252376F71AB55E8400455BC8 /* ComposeMessageController.m */ = {isa = PBXFileReference; fileEncoding = 4; lastKnownFileType = sourcecode.c.objc; path = ComposeMessageController.m; sourceTree = "<group>"; };
		253D52301AC2CDD300C822F3 /* HJPhotosView.h */ = {isa = PBXFileReference; fileEncoding = 4; lastKnownFileType = sourcecode.c.h; path = HJPhotosView.h; sourceTree = "<group>"; };
		253D52311AC2CDD300C822F3 /* HJPhotosView.m */ = {isa = PBXFileReference; fileEncoding = 4; lastKnownFileType = sourcecode.c.objc; path = HJPhotosView.m; sourceTree = "<group>"; };
		253D52361AC2E21500C822F3 /* HJStatusPhoto.h */ = {isa = PBXFileReference; fileEncoding = 4; lastKnownFileType = sourcecode.c.h; path = HJStatusPhoto.h; sourceTree = "<group>"; };
		253D52371AC2E21500C822F3 /* HJStatusPhoto.m */ = {isa = PBXFileReference; fileEncoding = 4; lastKnownFileType = sourcecode.c.objc; path = HJStatusPhoto.m; sourceTree = "<group>"; };
		25450C661ABEA9F9007F6D35 /* HJStatusModel.h */ = {isa = PBXFileReference; fileEncoding = 4; lastKnownFileType = sourcecode.c.h; path = HJStatusModel.h; sourceTree = "<group>"; };
		25450C671ABEA9F9007F6D35 /* HJStatusModel.m */ = {isa = PBXFileReference; fileEncoding = 4; lastKnownFileType = sourcecode.c.objc; path = HJStatusModel.m; sourceTree = "<group>"; };
		254695841AAC0AB000122053 /* AuthorizationController.h */ = {isa = PBXFileReference; fileEncoding = 4; lastKnownFileType = sourcecode.c.h; path = AuthorizationController.h; sourceTree = "<group>"; };
		254695851AAC0AB000122053 /* AuthorizationController.m */ = {isa = PBXFileReference; fileEncoding = 4; lastKnownFileType = sourcecode.c.objc; path = AuthorizationController.m; sourceTree = "<group>"; };
		254695891AAC1FC000122053 /* AFHTTPRequestOperation.h */ = {isa = PBXFileReference; fileEncoding = 4; lastKnownFileType = sourcecode.c.h; path = AFHTTPRequestOperation.h; sourceTree = "<group>"; };
		2546958A1AAC1FC000122053 /* AFHTTPRequestOperation.m */ = {isa = PBXFileReference; fileEncoding = 4; lastKnownFileType = sourcecode.c.objc; path = AFHTTPRequestOperation.m; sourceTree = "<group>"; };
		2546958B1AAC1FC000122053 /* AFHTTPRequestOperationManager.h */ = {isa = PBXFileReference; fileEncoding = 4; lastKnownFileType = sourcecode.c.h; path = AFHTTPRequestOperationManager.h; sourceTree = "<group>"; };
		2546958C1AAC1FC000122053 /* AFHTTPRequestOperationManager.m */ = {isa = PBXFileReference; fileEncoding = 4; lastKnownFileType = sourcecode.c.objc; path = AFHTTPRequestOperationManager.m; sourceTree = "<group>"; };
		2546958D1AAC1FC000122053 /* AFHTTPSessionManager.h */ = {isa = PBXFileReference; fileEncoding = 4; lastKnownFileType = sourcecode.c.h; path = AFHTTPSessionManager.h; sourceTree = "<group>"; };
		2546958E1AAC1FC000122053 /* AFHTTPSessionManager.m */ = {isa = PBXFileReference; fileEncoding = 4; lastKnownFileType = sourcecode.c.objc; path = AFHTTPSessionManager.m; sourceTree = "<group>"; };
		2546958F1AAC1FC000122053 /* AFNetworking.h */ = {isa = PBXFileReference; fileEncoding = 4; lastKnownFileType = sourcecode.c.h; path = AFNetworking.h; sourceTree = "<group>"; };
		254695901AAC1FC000122053 /* AFNetworkReachabilityManager.h */ = {isa = PBXFileReference; fileEncoding = 4; lastKnownFileType = sourcecode.c.h; path = AFNetworkReachabilityManager.h; sourceTree = "<group>"; };
		254695911AAC1FC000122053 /* AFNetworkReachabilityManager.m */ = {isa = PBXFileReference; fileEncoding = 4; lastKnownFileType = sourcecode.c.objc; path = AFNetworkReachabilityManager.m; sourceTree = "<group>"; };
		254695921AAC1FC000122053 /* AFSecurityPolicy.h */ = {isa = PBXFileReference; fileEncoding = 4; lastKnownFileType = sourcecode.c.h; path = AFSecurityPolicy.h; sourceTree = "<group>"; };
		254695931AAC1FC000122053 /* AFSecurityPolicy.m */ = {isa = PBXFileReference; fileEncoding = 4; lastKnownFileType = sourcecode.c.objc; path = AFSecurityPolicy.m; sourceTree = "<group>"; };
		254695941AAC1FC000122053 /* AFURLConnectionOperation.h */ = {isa = PBXFileReference; fileEncoding = 4; lastKnownFileType = sourcecode.c.h; path = AFURLConnectionOperation.h; sourceTree = "<group>"; };
		254695951AAC1FC000122053 /* AFURLConnectionOperation.m */ = {isa = PBXFileReference; fileEncoding = 4; lastKnownFileType = sourcecode.c.objc; path = AFURLConnectionOperation.m; sourceTree = "<group>"; };
		254695961AAC1FC000122053 /* AFURLRequestSerialization.h */ = {isa = PBXFileReference; fileEncoding = 4; lastKnownFileType = sourcecode.c.h; path = AFURLRequestSerialization.h; sourceTree = "<group>"; };
		254695971AAC1FC000122053 /* AFURLRequestSerialization.m */ = {isa = PBXFileReference; fileEncoding = 4; lastKnownFileType = sourcecode.c.objc; path = AFURLRequestSerialization.m; sourceTree = "<group>"; };
		254695981AAC1FC000122053 /* AFURLResponseSerialization.h */ = {isa = PBXFileReference; fileEncoding = 4; lastKnownFileType = sourcecode.c.h; path = AFURLResponseSerialization.h; sourceTree = "<group>"; };
		254695991AAC1FC000122053 /* AFURLResponseSerialization.m */ = {isa = PBXFileReference; fileEncoding = 4; lastKnownFileType = sourcecode.c.objc; path = AFURLResponseSerialization.m; sourceTree = "<group>"; };
		2546959A1AAC1FC000122053 /* AFURLSessionManager.h */ = {isa = PBXFileReference; fileEncoding = 4; lastKnownFileType = sourcecode.c.h; path = AFURLSessionManager.h; sourceTree = "<group>"; };
		2546959B1AAC1FC000122053 /* AFURLSessionManager.m */ = {isa = PBXFileReference; fileEncoding = 4; lastKnownFileType = sourcecode.c.objc; path = AFURLSessionManager.m; sourceTree = "<group>"; };
		254695A51AAC226800122053 /* TabBarController.h */ = {isa = PBXFileReference; fileEncoding = 4; lastKnownFileType = sourcecode.c.h; path = TabBarController.h; sourceTree = "<group>"; };
		254695A61AAC226800122053 /* TabBarController.m */ = {isa = PBXFileReference; fileEncoding = 4; lastKnownFileType = sourcecode.c.objc; path = TabBarController.m; sourceTree = "<group>"; };
		254695A91AAC351100122053 /* SearchBar.h */ = {isa = PBXFileReference; fileEncoding = 4; lastKnownFileType = sourcecode.c.h; path = SearchBar.h; sourceTree = "<group>"; };
		254695AA1AAC351100122053 /* SearchBar.m */ = {isa = PBXFileReference; fileEncoding = 4; lastKnownFileType = sourcecode.c.objc; path = SearchBar.m; sourceTree = "<group>"; };
		254695AC1AAC397300122053 /* UIView+Extention.h */ = {isa = PBXFileReference; fileEncoding = 4; lastKnownFileType = sourcecode.c.h; path = "UIView+Extention.h"; sourceTree = "<group>"; };
		254695AD1AAC397300122053 /* UIView+Extention.m */ = {isa = PBXFileReference; fileEncoding = 4; lastKnownFileType = sourcecode.c.objc; path = "UIView+Extention.m"; sourceTree = "<group>"; };
		254695AF1AAC415000122053 /* TitleButton.h */ = {isa = PBXFileReference; fileEncoding = 4; lastKnownFileType = sourcecode.c.h; path = TitleButton.h; sourceTree = "<group>"; };
		254695B01AAC415000122053 /* TitleButton.m */ = {isa = PBXFileReference; fileEncoding = 4; lastKnownFileType = sourcecode.c.objc; path = TitleButton.m; sourceTree = "<group>"; };
		254695B21AAC428500122053 /* CommHeader.h */ = {isa = PBXFileReference; fileEncoding = 4; lastKnownFileType = sourcecode.c.h; path = CommHeader.h; sourceTree = "<group>"; };
		254856051ABA76C7006C66F8 /* HJImageView.h */ = {isa = PBXFileReference; fileEncoding = 4; lastKnownFileType = sourcecode.c.h; name = HJImageView.h; path = Home/View/HJImageView.h; sourceTree = "<group>"; };
		254856061ABA76C7006C66F8 /* HJImageView.m */ = {isa = PBXFileReference; fileEncoding = 4; lastKnownFileType = sourcecode.c.objc; name = HJImageView.m; path = Home/View/HJImageView.m; sourceTree = "<group>"; };
		254856081ABA8174006C66F8 /* HJLoadMore.h */ = {isa = PBXFileReference; fileEncoding = 4; lastKnownFileType = sourcecode.c.h; name = HJLoadMore.h; path = Main/View/HJLoadMore.h; sourceTree = "<group>"; };
		254856091ABA8174006C66F8 /* HJLoadMore.m */ = {isa = PBXFileReference; fileEncoding = 4; lastKnownFileType = sourcecode.c.objc; name = HJLoadMore.m; path = Main/View/HJLoadMore.m; sourceTree = "<group>"; };
		2548560C1ABAA4AB006C66F8 /* HJTextView.h */ = {isa = PBXFileReference; fileEncoding = 4; lastKnownFileType = sourcecode.c.h; path = HJTextView.h; sourceTree = "<group>"; };
		2548560D1ABAA4AB006C66F8 /* HJTextView.m */ = {isa = PBXFileReference; fileEncoding = 4; lastKnownFileType = sourcecode.c.objc; path = HJTextView.m; sourceTree = "<group>"; };
		2548560F1ABAAECE006C66F8 /* HJPhotoView.h */ = {isa = PBXFileReference; fileEncoding = 4; lastKnownFileType = sourcecode.c.h; path = HJPhotoView.h; sourceTree = "<group>"; };
		254856101ABAAECE006C66F8 /* HJPhotoView.m */ = {isa = PBXFileReference; fileEncoding = 4; lastKnownFileType = sourcecode.c.objc; path = HJPhotoView.m; sourceTree = "<group>"; };
		254856121ABABC86006C66F8 /* HJToolBar.h */ = {isa = PBXFileReference; fileEncoding = 4; lastKnownFileType = sourcecode.c.h; path = HJToolBar.h; sourceTree = "<group>"; };
		254856131ABABC86006C66F8 /* HJToolBar.m */ = {isa = PBXFileReference; fileEncoding = 4; lastKnownFileType = sourcecode.c.objc; path = HJToolBar.m; sourceTree = "<group>"; };
		255345541ABC0AC0001EF900 /* HJHttpTool.h */ = {isa = PBXFileReference; fileEncoding = 4; lastKnownFileType = sourcecode.c.h; path = HJHttpTool.h; sourceTree = "<group>"; };
		255345551ABC0AC0001EF900 /* HJHttpTool.m */ = {isa = PBXFileReference; fileEncoding = 4; lastKnownFileType = sourcecode.c.objc; path = HJHttpTool.m; sourceTree = "<group>"; };
		2553455B1ABC1DA3001EF900 /* UnreadModal.h */ = {isa = PBXFileReference; fileEncoding = 4; lastKnownFileType = sourcecode.c.h; path = UnreadModal.h; sourceTree = "<group>"; };
		2553455C1ABC1DA3001EF900 /* UnreadModal.m */ = {isa = PBXFileReference; fileEncoding = 4; lastKnownFileType = sourcecode.c.objc; path = UnreadModal.m; sourceTree = "<group>"; };
		25D00F0A1AA9A3CF0049C2F2 /* Sina.app */ = {isa = PBXFileReference; explicitFileType = wrapper.application; includeInIndex = 0; path = Sina.app; sourceTree = BUILT_PRODUCTS_DIR; };
		25D00F0E1AA9A3CF0049C2F2 /* Info.plist */ = {isa = PBXFileReference; lastKnownFileType = text.plist.xml; path = Info.plist; sourceTree = "<group>"; };
		25D00F0F1AA9A3CF0049C2F2 /* main.m */ = {isa = PBXFileReference; lastKnownFileType = sourcecode.c.objc; path = main.m; sourceTree = "<group>"; };
		25D00F1A1AA9A3CF0049C2F2 /* Images.xcassets */ = {isa = PBXFileReference; lastKnownFileType = folder.assetcatalog; path = Images.xcassets; sourceTree = "<group>"; };
		25D00F1D1AA9A3CF0049C2F2 /* Base */ = {isa = PBXFileReference; lastKnownFileType = file.xib; name = Base; path = Base.lproj/LaunchScreen.xib; sourceTree = "<group>"; };
		25D00F231AA9A3CF0049C2F2 /* SinaTests.xctest */ = {isa = PBXFileReference; explicitFileType = wrapper.cfbundle; includeInIndex = 0; path = SinaTests.xctest; sourceTree = BUILT_PRODUCTS_DIR; };
		25D00F281AA9A3CF0049C2F2 /* Info.plist */ = {isa = PBXFileReference; lastKnownFileType = text.plist.xml; path = Info.plist; sourceTree = "<group>"; };
		25D00F291AA9A3CF0049C2F2 /* SinaTests.m */ = {isa = PBXFileReference; lastKnownFileType = sourcecode.c.objc; path = SinaTests.m; sourceTree = "<group>"; };
		25D00F361AA9A4370049C2F2 /* DiscoveryController.h */ = {isa = PBXFileReference; fileEncoding = 4; lastKnownFileType = sourcecode.c.h; path = DiscoveryController.h; sourceTree = "<group>"; };
		25D00F371AA9A4370049C2F2 /* DiscoveryController.m */ = {isa = PBXFileReference; fileEncoding = 4; lastKnownFileType = sourcecode.c.objc; path = DiscoveryController.m; sourceTree = "<group>"; };
		25D00F3C1AA9A4370049C2F2 /* HomeController.h */ = {isa = PBXFileReference; fileEncoding = 4; lastKnownFileType = sourcecode.c.h; path = HomeController.h; sourceTree = "<group>"; };
		25D00F3D1AA9A4370049C2F2 /* HomeController.m */ = {isa = PBXFileReference; fileEncoding = 4; lastKnownFileType = sourcecode.c.objc; path = HomeController.m; sourceTree = "<group>"; };
		25D00F4A1AA9A4370049C2F2 /* AppDelegate.h */ = {isa = PBXFileReference; fileEncoding = 4; lastKnownFileType = sourcecode.c.h; name = AppDelegate.h; path = Main/Main/AppDelegate.h; sourceTree = "<group>"; };
		25D00F4B1AA9A4370049C2F2 /* AppDelegate.m */ = {isa = PBXFileReference; fileEncoding = 4; lastKnownFileType = sourcecode.c.objc; name = AppDelegate.m; path = Main/Main/AppDelegate.m; sourceTree = "<group>"; };
		25D013AB1AA9A4380049C2F2 /* UIImage+Extendion.h */ = {isa = PBXFileReference; fileEncoding = 4; lastKnownFileType = sourcecode.c.h; path = "UIImage+Extendion.h"; sourceTree = "<group>"; };
		25D013AC1AA9A4380049C2F2 /* UIImage+Extendion.m */ = {isa = PBXFileReference; fileEncoding = 4; lastKnownFileType = sourcecode.c.objc; path = "UIImage+Extendion.m"; sourceTree = "<group>"; };
		25D013AD1AA9A4380049C2F2 /* Utility.h */ = {isa = PBXFileReference; fileEncoding = 4; lastKnownFileType = sourcecode.c.h; path = Utility.h; sourceTree = "<group>"; };
		25D013AE1AA9A4380049C2F2 /* Utility.m */ = {isa = PBXFileReference; fileEncoding = 4; lastKnownFileType = sourcecode.c.objc; path = Utility.m; sourceTree = "<group>"; };
		25D013B21AA9A4380049C2F2 /* MeController.h */ = {isa = PBXFileReference; fileEncoding = 4; lastKnownFileType = sourcecode.c.h; path = MeController.h; sourceTree = "<group>"; };
		25D013B31AA9A4380049C2F2 /* MeController.m */ = {isa = PBXFileReference; fileEncoding = 4; lastKnownFileType = sourcecode.c.objc; path = MeController.m; sourceTree = "<group>"; };
		25D013B81AA9A4380049C2F2 /* MessageController.h */ = {isa = PBXFileReference; fileEncoding = 4; lastKnownFileType = sourcecode.c.h; path = MessageController.h; sourceTree = "<group>"; };
		25D013B91AA9A4380049C2F2 /* MessageController.m */ = {isa = PBXFileReference; fileEncoding = 4; lastKnownFileType = sourcecode.c.objc; path = MessageController.m; sourceTree = "<group>"; };
		25D0153B1AA9A9C10049C2F2 /* NavigationController.h */ = {isa = PBXFileReference; fileEncoding = 4; lastKnownFileType = sourcecode.c.h; path = NavigationController.h; sourceTree = "<group>"; };
		25D0153C1AA9A9C10049C2F2 /* NavigationController.m */ = {isa = PBXFileReference; fileEncoding = 4; lastKnownFileType = sourcecode.c.objc; path = NavigationController.m; sourceTree = "<group>"; };
		25D0153E1AA9AA620049C2F2 /* UITabBarController+Extention.h */ = {isa = PBXFileReference; fileEncoding = 4; lastKnownFileType = sourcecode.c.h; path = "UITabBarController+Extention.h"; sourceTree = "<group>"; };
		25D0153F1AA9AA620049C2F2 /* UITabBarController+Extention.m */ = {isa = PBXFileReference; fileEncoding = 4; lastKnownFileType = sourcecode.c.objc; path = "UITabBarController+Extention.m"; sourceTree = "<group>"; };
		25D015411AA9BB9C0049C2F2 /* HomeViewController1.h */ = {isa = PBXFileReference; fileEncoding = 4; lastKnownFileType = sourcecode.c.h; path = HomeViewController1.h; sourceTree = "<group>"; };
		25D015421AA9BB9C0049C2F2 /* HomeViewController1.m */ = {isa = PBXFileReference; fileEncoding = 4; lastKnownFileType = sourcecode.c.objc; path = HomeViewController1.m; sourceTree = "<group>"; };
		25D015441AA9BC0C0049C2F2 /* UIViewController+Extention.h */ = {isa = PBXFileReference; fileEncoding = 4; lastKnownFileType = sourcecode.c.h; path = "UIViewController+Extention.h"; sourceTree = "<group>"; };
		25D015451AA9BC0C0049C2F2 /* UIViewController+Extention.m */ = {isa = PBXFileReference; fileEncoding = 4; lastKnownFileType = sourcecode.c.objc; path = "UIViewController+Extention.m"; sourceTree = "<group>"; };
		25D015471AA9CCA90049C2F2 /* MessageDetailController.h */ = {isa = PBXFileReference; fileEncoding = 4; lastKnownFileType = sourcecode.c.h; path = MessageDetailController.h; sourceTree = "<group>"; };
		25D015481AA9CCA90049C2F2 /* MessageDetailController.m */ = {isa = PBXFileReference; fileEncoding = 4; lastKnownFileType = sourcecode.c.objc; path = MessageDetailController.m; sourceTree = "<group>"; };
		25EA00331AC3B9C300CCFE5F /* Reveal.framework */ = {isa = PBXFileReference; lastKnownFileType = wrapper.framework; name = Reveal.framework; path = Class/Home/View/Reveal.framework; sourceTree = "<group>"; };
		25EA00671AC3FBEB00CCFE5F /* Reveal.framework */ = {isa = PBXFileReference; lastKnownFileType = wrapper.framework; name = Reveal.framework; path = Sina/Class/Main/View/Reveal.framework; sourceTree = "<group>"; };
		25EA00691AC4040500CCFE5F /* HJAvatorView.h */ = {isa = PBXFileReference; fileEncoding = 4; lastKnownFileType = sourcecode.c.h; path = HJAvatorView.h; sourceTree = "<group>"; };
		25EA006A1AC4040500CCFE5F /* HJAvatorView.m */ = {isa = PBXFileReference; fileEncoding = 4; lastKnownFileType = sourcecode.c.objc; path = HJAvatorView.m; sourceTree = "<group>"; };
		25FDB5A91ABFA00F007CB5D7 /* NSDate+Extention.h */ = {isa = PBXFileReference; fileEncoding = 4; lastKnownFileType = sourcecode.c.h; path = "NSDate+Extention.h"; sourceTree = "<group>"; };
		25FDB5AA1ABFA00F007CB5D7 /* NSDate+Extention.m */ = {isa = PBXFileReference; fileEncoding = 4; lastKnownFileType = sourcecode.c.objc; path = "NSDate+Extention.m"; sourceTree = "<group>"; };
		25FDB5AD1ABFA44B007CB5D7 /* HJRemoteImageView.h */ = {isa = PBXFileReference; fileEncoding = 4; lastKnownFileType = sourcecode.c.h; path = HJRemoteImageView.h; sourceTree = "<group>"; };
		25FDB5AE1ABFA44B007CB5D7 /* HJRemoteImageView.m */ = {isa = PBXFileReference; fileEncoding = 4; lastKnownFileType = sourcecode.c.objc; path = HJRemoteImageView.m; sourceTree = "<group>"; };
		25FDB5B01ABFB912007CB5D7 /* HJImageCache.h */ = {isa = PBXFileReference; fileEncoding = 4; lastKnownFileType = sourcecode.c.h; path = HJImageCache.h; sourceTree = "<group>"; };
		25FDB5B11ABFB912007CB5D7 /* HJImageCache.m */ = {isa = PBXFileReference; fileEncoding = 4; lastKnownFileType = sourcecode.c.objc; path = HJImageCache.m; sourceTree = "<group>"; };
		25FDB5B31AC00D48007CB5D7 /* Reveal.framework */ = {isa = PBXFileReference; lastKnownFileType = wrapper.framework; path = Reveal.framework; sourceTree = "<group>"; };
		25FDB5CB1AC03819007CB5D7 /* HJStatusFrame.h */ = {isa = PBXFileReference; fileEncoding = 4; lastKnownFileType = sourcecode.c.h; path = HJStatusFrame.h; sourceTree = "<group>"; };
		25FDB5CC1AC03819007CB5D7 /* HJStatusFrame.m */ = {isa = PBXFileReference; fileEncoding = 4; lastKnownFileType = sourcecode.c.objc; path = HJStatusFrame.m; sourceTree = "<group>"; };
		25FDB5CE1AC03844007CB5D7 /* HJOriginViewFrame.h */ = {isa = PBXFileReference; fileEncoding = 4; lastKnownFileType = sourcecode.c.h; path = HJOriginViewFrame.h; sourceTree = "<group>"; };
		25FDB5CF1AC03844007CB5D7 /* HJOriginViewFrame.m */ = {isa = PBXFileReference; fileEncoding = 4; lastKnownFileType = sourcecode.c.objc; path = HJOriginViewFrame.m; sourceTree = "<group>"; };
		25FDB5D11AC03859007CB5D7 /* HJRetweentedViewFrame.h */ = {isa = PBXFileReference; fileEncoding = 4; lastKnownFileType = sourcecode.c.h; path = HJRetweentedViewFrame.h; sourceTree = "<group>"; };
		25FDB5D21AC03859007CB5D7 /* HJRetweentedViewFrame.m */ = {isa = PBXFileReference; fileEncoding = 4; lastKnownFileType = sourcecode.c.objc; path = HJRetweentedViewFrame.m; sourceTree = "<group>"; };
		25FDB5D41AC03871007CB5D7 /* HJToolBarFrame.h */ = {isa = PBXFileReference; fileEncoding = 4; lastKnownFileType = sourcecode.c.h; path = HJToolBarFrame.h; sourceTree = "<group>"; };
		25FDB5D51AC03871007CB5D7 /* HJToolBarFrame.m */ = {isa = PBXFileReference; fileEncoding = 4; lastKnownFileType = sourcecode.c.objc; path = HJToolBarFrame.m; sourceTree = "<group>"; };
		25FDB5D71AC03B5B007CB5D7 /* HJStatusDetailFrame.h */ = {isa = PBXFileReference; fileEncoding = 4; lastKnownFileType = sourcecode.c.h; path = HJStatusDetailFrame.h; sourceTree = "<group>"; };
		25FDB5D81AC03B5B007CB5D7 /* HJStatusDetailFrame.m */ = {isa = PBXFileReference; fileEncoding = 4; lastKnownFileType = sourcecode.c.objc; path = HJStatusDetailFrame.m; sourceTree = "<group>"; };
		25FDB5DA1AC05A21007CB5D7 /* HJStatusCell.h */ = {isa = PBXFileReference; fileEncoding = 4; lastKnownFileType = sourcecode.c.h; path = HJStatusCell.h; sourceTree = "<group>"; };
		25FDB5DB1AC05A21007CB5D7 /* HJStatusCell.m */ = {isa = PBXFileReference; fileEncoding = 4; lastKnownFileType = sourcecode.c.objc; path = HJStatusCell.m; sourceTree = "<group>"; };
		25FDB5DD1AC05A48007CB5D7 /* HJStatusDetailView.h */ = {isa = PBXFileReference; fileEncoding = 4; lastKnownFileType = sourcecode.c.h; path = HJStatusDetailView.h; sourceTree = "<group>"; };
		25FDB5DE1AC05A48007CB5D7 /* HJStatusDetailView.m */ = {isa = PBXFileReference; fileEncoding = 4; lastKnownFileType = sourcecode.c.objc; path = HJStatusDetailView.m; sourceTree = "<group>"; };
		25FDB5E01AC05A69007CB5D7 /* HJRetweenedView.h */ = {isa = PBXFileReference; fileEncoding = 4; lastKnownFileType = sourcecode.c.h; path = HJRetweenedView.h; sourceTree = "<group>"; };
		25FDB5E11AC05A69007CB5D7 /* HJRetweenedView.m */ = {isa = PBXFileReference; fileEncoding = 4; lastKnownFileType = sourcecode.c.objc; path = HJRetweenedView.m; sourceTree = "<group>"; };
		25FDB5E31AC05A7C007CB5D7 /* HJOriginView.h */ = {isa = PBXFileReference; fileEncoding = 4; lastKnownFileType = sourcecode.c.h; path = HJOriginView.h; sourceTree = "<group>"; };
		25FDB5E41AC05A7C007CB5D7 /* HJOriginView.m */ = {isa = PBXFileReference; fileEncoding = 4; lastKnownFileType = sourcecode.c.objc; path = HJOriginView.m; sourceTree = "<group>"; };
		25FDB5E61AC05B99007CB5D7 /* HJTooView.h */ = {isa = PBXFileReference; fileEncoding = 4; lastKnownFileType = sourcecode.c.h; path = HJTooView.h; sourceTree = "<group>"; };
		25FDB5E71AC05B99007CB5D7 /* HJTooView.m */ = {isa = PBXFileReference; fileEncoding = 4; lastKnownFileType = sourcecode.c.objc; path = HJTooView.m; sourceTree = "<group>"; };
		64028C594BE2706D0451882F /* Pods.release.xcconfig */ = {isa = PBXFileReference; includeInIndex = 1; lastKnownFileType = text.xcconfig; name = Pods.release.xcconfig; path = "Pods/Target Support Files/Pods/Pods.release.xcconfig"; sourceTree = "<group>"; };
		AC2847FDCB89C059E7EE6FBF /* libPods.a */ = {isa = PBXFileReference; explicitFileType = archive.ar; includeInIndex = 0; path = libPods.a; sourceTree = BUILT_PRODUCTS_DIR; };
		E9F31C5CC63E47F66728940C /* Pods.debug.xcconfig */ = {isa = PBXFileReference; includeInIndex = 1; lastKnownFileType = text.xcconfig; name = Pods.debug.xcconfig; path = "Pods/Target Support Files/Pods/Pods.debug.xcconfig"; sourceTree = "<group>"; };
/* End PBXFileReference section */

/* Begin PBXFrameworksBuildPhase section */
		25D00F071AA9A3CF0049C2F2 /* Frameworks */ = {
			isa = PBXFrameworksBuildPhase;
			buildActionMask = 2147483647;
			files = (
				C3E9FE423D948D1F930CC3BA /* libPods.a in Frameworks */,
			);
			runOnlyForDeploymentPostprocessing = 0;
		};
		25D00F201AA9A3CF0049C2F2 /* Frameworks */ = {
			isa = PBXFrameworksBuildPhase;
			buildActionMask = 2147483647;
			files = (
			);
			runOnlyForDeploymentPostprocessing = 0;
		};
/* End PBXFrameworksBuildPhase section */

/* Begin PBXGroup section */
		251280FB1AB5726100135517 /* NewFeature */ = {
			isa = PBXGroup;
			children = (
				251280FC1AB5726100135517 /* Controller */,
				251280FD1AB5726100135517 /* Modol */,
				251280FE1AB5726100135517 /* View */,
			);
			name = NewFeature;
			path = Message/NewFeature;
			sourceTree = "<group>";
		};
		251280FC1AB5726100135517 /* Controller */ = {
			isa = PBXGroup;
			children = (
				251280FF1AB5767A00135517 /* NewFeatureController.h */,
				251281001AB5767A00135517 /* NewFeatureController.m */,
			);
			path = Controller;
			sourceTree = "<group>";
		};
		251280FD1AB5726100135517 /* Modol */ = {
			isa = PBXGroup;
			children = (
			);
			path = Modol;
			sourceTree = "<group>";
		};
		251280FE1AB5726100135517 /* View */ = {
			isa = PBXGroup;
			children = (
			);
			path = View;
			sourceTree = "<group>";
		};
		251E332E1AB98E0E0028DBC3 /* Category */ = {
			isa = PBXGroup;
			children = (
				251E332F1AB98E430028DBC3 /* NSBundle+Load.h */,
				251E33301AB98E430028DBC3 /* NSBundle+Load.m */,
				25FDB5A91ABFA00F007CB5D7 /* NSDate+Extention.h */,
				25FDB5AA1ABFA00F007CB5D7 /* NSDate+Extention.m */,
			);
			name = Category;
			sourceTree = "<group>";
		};
		252376F21AB55E1A00455BC8 /* ComposeMessage */ = {
			isa = PBXGroup;
			children = (
				252376F51AB55E4C00455BC8 /* Controller */,
				252376F41AB55E4500455BC8 /* Modal */,
				252376F31AB55E3D00455BC8 /* View */,
			);
			name = ComposeMessage;
			sourceTree = "<group>";
		};
		252376F31AB55E3D00455BC8 /* View */ = {
			isa = PBXGroup;
			children = (
				2548560C1ABAA4AB006C66F8 /* HJTextView.h */,
				2548560D1ABAA4AB006C66F8 /* HJTextView.m */,
				2548560F1ABAAECE006C66F8 /* HJPhotoView.h */,
				254856101ABAAECE006C66F8 /* HJPhotoView.m */,
				254856121ABABC86006C66F8 /* HJToolBar.h */,
				254856131ABABC86006C66F8 /* HJToolBar.m */,
			);
			name = View;
			sourceTree = "<group>";
		};
		252376F41AB55E4500455BC8 /* Modal */ = {
			isa = PBXGroup;
			children = (
			);
			name = Modal;
			sourceTree = "<group>";
		};
		252376F51AB55E4C00455BC8 /* Controller */ = {
			isa = PBXGroup;
			children = (
				252376F61AB55E8400455BC8 /* ComposeMessageController.h */,
				252376F71AB55E8400455BC8 /* ComposeMessageController.m */,
			);
			name = Controller;
			sourceTree = "<group>";
		};
		254695871AAC1FAD00122053 /* Lib */ = {
			isa = PBXGroup;
			children = (
				254695881AAC1FC000122053 /* AFNetworking */,
			);
			name = Lib;
			sourceTree = "<group>";
		};
		254695881AAC1FC000122053 /* AFNetworking */ = {
			isa = PBXGroup;
			children = (
				254695891AAC1FC000122053 /* AFHTTPRequestOperation.h */,
				2546958A1AAC1FC000122053 /* AFHTTPRequestOperation.m */,
				2546958B1AAC1FC000122053 /* AFHTTPRequestOperationManager.h */,
				2546958C1AAC1FC000122053 /* AFHTTPRequestOperationManager.m */,
				2546958D1AAC1FC000122053 /* AFHTTPSessionManager.h */,
				2546958E1AAC1FC000122053 /* AFHTTPSessionManager.m */,
				2546958F1AAC1FC000122053 /* AFNetworking.h */,
				254695901AAC1FC000122053 /* AFNetworkReachabilityManager.h */,
				254695911AAC1FC000122053 /* AFNetworkReachabilityManager.m */,
				254695921AAC1FC000122053 /* AFSecurityPolicy.h */,
				254695931AAC1FC000122053 /* AFSecurityPolicy.m */,
				254695941AAC1FC000122053 /* AFURLConnectionOperation.h */,
				254695951AAC1FC000122053 /* AFURLConnectionOperation.m */,
				254695961AAC1FC000122053 /* AFURLRequestSerialization.h */,
				254695971AAC1FC000122053 /* AFURLRequestSerialization.m */,
				254695981AAC1FC000122053 /* AFURLResponseSerialization.h */,
				254695991AAC1FC000122053 /* AFURLResponseSerialization.m */,
				2546959A1AAC1FC000122053 /* AFURLSessionManager.h */,
				2546959B1AAC1FC000122053 /* AFURLSessionManager.m */,
			);
			path = AFNetworking;
			sourceTree = "<group>";
		};
		254695A81AAC227100122053 /* Controller */ = {
			isa = PBXGroup;
			children = (
				254695A51AAC226800122053 /* TabBarController.h */,
				254695A61AAC226800122053 /* TabBarController.m */,
			);
			name = Controller;
			sourceTree = "<group>";
		};
		2548560B1ABA8FD5006C66F8 /* Public */ = {
			isa = PBXGroup;
			children = (
				254856051ABA76C7006C66F8 /* HJImageView.h */,
				254856061ABA76C7006C66F8 /* HJImageView.m */,
				254856081ABA8174006C66F8 /* HJLoadMore.h */,
				254856091ABA8174006C66F8 /* HJLoadMore.m */,
			);
			name = Public;
			sourceTree = "<group>";
		};
		255345581ABC0B02001EF900 /* NetworkBase */ = {
			isa = PBXGroup;
			children = (
				255345541ABC0AC0001EF900 /* HJHttpTool.h */,
				255345551ABC0AC0001EF900 /* HJHttpTool.m */,
			);
			name = NetworkBase;
			sourceTree = "<group>";
		};
		2553455A1ABC1D80001EF900 /* Modal */ = {
			isa = PBXGroup;
			children = (
				2553455B1ABC1DA3001EF900 /* UnreadModal.h */,
				2553455C1ABC1DA3001EF900 /* UnreadModal.m */,
			);
			name = Modal;
			sourceTree = "<group>";
		};
		25D00F011AA9A3CF0049C2F2 = {
			isa = PBXGroup;
			children = (
				25D00F0C1AA9A3CF0049C2F2 /* Sina */,
				25D00F261AA9A3CF0049C2F2 /* SinaTests */,
				25D00F0B1AA9A3CF0049C2F2 /* Products */,
				5782828BCA453E1850ACFC8C /* Frameworks */,
				38D7A5991A54EAEAEDA2256E /* Pods */,
			);
			sourceTree = "<group>";
		};
		25D00F0B1AA9A3CF0049C2F2 /* Products */ = {
			isa = PBXGroup;
			children = (
				25D00F0A1AA9A3CF0049C2F2 /* Sina.app */,
				25D00F231AA9A3CF0049C2F2 /* SinaTests.xctest */,
			);
			name = Products;
			sourceTree = "<group>";
		};
		25D00F0C1AA9A3CF0049C2F2 /* Sina */ = {
			isa = PBXGroup;
			children = (
				25D00F331AA9A4370049C2F2 /* Class */,
				25D00F1A1AA9A3CF0049C2F2 /* Images.xcassets */,
				25D00F1C1AA9A3CF0049C2F2 /* LaunchScreen.xib */,
				25D00F0D1AA9A3CF0049C2F2 /* Supporting Files */,
			);
			path = Sina;
			sourceTree = "<group>";
		};
		25D00F0D1AA9A3CF0049C2F2 /* Supporting Files */ = {
			isa = PBXGroup;
			children = (
				25EA00331AC3B9C300CCFE5F /* Reveal.framework */,
				25D00F0E1AA9A3CF0049C2F2 /* Info.plist */,
				25D00F0F1AA9A3CF0049C2F2 /* main.m */,
			);
			name = "Supporting Files";
			sourceTree = "<group>";
		};
		25D00F261AA9A3CF0049C2F2 /* SinaTests */ = {
			isa = PBXGroup;
			children = (
				25D00F291AA9A3CF0049C2F2 /* SinaTests.m */,
				25D00F271AA9A3CF0049C2F2 /* Supporting Files */,
			);
			path = SinaTests;
			sourceTree = "<group>";
		};
		25D00F271AA9A3CF0049C2F2 /* Supporting Files */ = {
			isa = PBXGroup;
			children = (
				25D00F281AA9A3CF0049C2F2 /* Info.plist */,
			);
			name = "Supporting Files";
			sourceTree = "<group>";
		};
		25D00F331AA9A4370049C2F2 /* Class */ = {
			isa = PBXGroup;
			children = (
				2548560B1ABA8FD5006C66F8 /* Public */,
				251E332E1AB98E0E0028DBC3 /* Category */,
				251280FB1AB5726100135517 /* NewFeature */,
				252376F21AB55E1A00455BC8 /* ComposeMessage */,
				25D00F341AA9A4370049C2F2 /* Discovery */,
				25D00F3A1AA9A4370049C2F2 /* Home */,
				25D00F401AA9A4370049C2F2 /* Main */,
				25D013B01AA9A4380049C2F2 /* Me */,
				25D013B61AA9A4380049C2F2 /* Message */,
			);
			path = Class;
			sourceTree = "<group>";
		};
		25D00F341AA9A4370049C2F2 /* Discovery */ = {
			isa = PBXGroup;
			children = (
				25D00F351AA9A4370049C2F2 /* Controller */,
				25D00F381AA9A4370049C2F2 /* Model */,
				25D00F391AA9A4370049C2F2 /* View */,
			);
			path = Discovery;
			sourceTree = "<group>";
		};
		25D00F351AA9A4370049C2F2 /* Controller */ = {
			isa = PBXGroup;
			children = (
				25D00F361AA9A4370049C2F2 /* DiscoveryController.h */,
				25D00F371AA9A4370049C2F2 /* DiscoveryController.m */,
			);
			path = Controller;
			sourceTree = "<group>";
		};
		25D00F381AA9A4370049C2F2 /* Model */ = {
			isa = PBXGroup;
			children = (
			);
			path = Model;
			sourceTree = "<group>";
		};
		25D00F391AA9A4370049C2F2 /* View */ = {
			isa = PBXGroup;
			children = (
				254695A91AAC351100122053 /* SearchBar.h */,
				254695AA1AAC351100122053 /* SearchBar.m */,
			);
			path = View;
			sourceTree = "<group>";
		};
		25D00F3A1AA9A4370049C2F2 /* Home */ = {
			isa = PBXGroup;
			children = (
				25D00F3B1AA9A4370049C2F2 /* Controller */,
				25D00F3E1AA9A4370049C2F2 /* Model */,
				25D00F3F1AA9A4370049C2F2 /* View */,
			);
			path = Home;
			sourceTree = "<group>";
		};
		25D00F3B1AA9A4370049C2F2 /* Controller */ = {
			isa = PBXGroup;
			children = (
				25D00F3C1AA9A4370049C2F2 /* HomeController.h */,
				25D00F3D1AA9A4370049C2F2 /* HomeController.m */,
				25D015411AA9BB9C0049C2F2 /* HomeViewController1.h */,
				25D015421AA9BB9C0049C2F2 /* HomeViewController1.m */,
			);
			path = Controller;
			sourceTree = "<group>";
		};
		25D00F3E1AA9A4370049C2F2 /* Model */ = {
			isa = PBXGroup;
			children = (
				251E33241AB9899F0028DBC3 /* HJUser.h */,
				251E33251AB9899F0028DBC3 /* HJUser.m */,
				25450C661ABEA9F9007F6D35 /* HJStatusModel.h */,
				25450C671ABEA9F9007F6D35 /* HJStatusModel.m */,
				25FDB5B31AC00D48007CB5D7 /* Reveal.framework */,
				25FDB5CB1AC03819007CB5D7 /* HJStatusFrame.h */,
				25FDB5CC1AC03819007CB5D7 /* HJStatusFrame.m */,
				25FDB5CE1AC03844007CB5D7 /* HJOriginViewFrame.h */,
				25FDB5CF1AC03844007CB5D7 /* HJOriginViewFrame.m */,
				25FDB5D11AC03859007CB5D7 /* HJRetweentedViewFrame.h */,
				25FDB5D21AC03859007CB5D7 /* HJRetweentedViewFrame.m */,
				25FDB5D41AC03871007CB5D7 /* HJToolBarFrame.h */,
				25FDB5D51AC03871007CB5D7 /* HJToolBarFrame.m */,
				25FDB5D71AC03B5B007CB5D7 /* HJStatusDetailFrame.h */,
				25FDB5D81AC03B5B007CB5D7 /* HJStatusDetailFrame.m */,
			);
			path = Model;
			sourceTree = "<group>";
		};
		25D00F3F1AA9A4370049C2F2 /* View */ = {
			isa = PBXGroup;
			children = (
				254695AF1AAC415000122053 /* TitleButton.h */,
				254695B01AAC415000122053 /* TitleButton.m */,
				254695B21AAC428500122053 /* CommHeader.h */,
				25FDB5AD1ABFA44B007CB5D7 /* HJRemoteImageView.h */,
				25FDB5AE1ABFA44B007CB5D7 /* HJRemoteImageView.m */,
				25FDB5B01ABFB912007CB5D7 /* HJImageCache.h */,
				25FDB5B11ABFB912007CB5D7 /* HJImageCache.m */,
				25FDB5DA1AC05A21007CB5D7 /* HJStatusCell.h */,
				25FDB5DB1AC05A21007CB5D7 /* HJStatusCell.m */,
				25FDB5DD1AC05A48007CB5D7 /* HJStatusDetailView.h */,
				25FDB5DE1AC05A48007CB5D7 /* HJStatusDetailView.m */,
				25FDB5E01AC05A69007CB5D7 /* HJRetweenedView.h */,
				25FDB5E11AC05A69007CB5D7 /* HJRetweenedView.m */,
				25FDB5E31AC05A7C007CB5D7 /* HJOriginView.h */,
				25FDB5E41AC05A7C007CB5D7 /* HJOriginView.m */,
				25FDB5E61AC05B99007CB5D7 /* HJTooView.h */,
				25FDB5E71AC05B99007CB5D7 /* HJTooView.m */,
				253D52301AC2CDD300C822F3 /* HJPhotosView.h */,
				253D52311AC2CDD300C822F3 /* HJPhotosView.m */,
				253D52361AC2E21500C822F3 /* HJStatusPhoto.h */,
				253D52371AC2E21500C822F3 /* HJStatusPhoto.m */,
				25EA00691AC4040500CCFE5F /* HJAvatorView.h */,
				25EA006A1AC4040500CCFE5F /* HJAvatorView.m */,
			);
			path = View;
			sourceTree = "<group>";
		};
		25D00F401AA9A4370049C2F2 /* Main */ = {
			isa = PBXGroup;
			children = (
				2553455A1ABC1D80001EF900 /* Modal */,
				255345581ABC0B02001EF900 /* NetworkBase */,
				254695A81AAC227100122053 /* Controller */,
				254695871AAC1FAD00122053 /* Lib */,
				25D013AB1AA9A4380049C2F2 /* UIImage+Extendion.h */,
				25D013AC1AA9A4380049C2F2 /* UIImage+Extendion.m */,
				25D013AD1AA9A4380049C2F2 /* Utility.h */,
				25D013AE1AA9A4380049C2F2 /* Utility.m */,
				25D00F4A1AA9A4370049C2F2 /* AppDelegate.h */,
				25D00F4B1AA9A4370049C2F2 /* AppDelegate.m */,
				25D0153E1AA9AA620049C2F2 /* UITabBarController+Extention.h */,
				25D0153F1AA9AA620049C2F2 /* UITabBarController+Extention.m */,
				25D013AF1AA9A4380049C2F2 /* View */,
				25D0153B1AA9A9C10049C2F2 /* NavigationController.h */,
				25D0153C1AA9A9C10049C2F2 /* NavigationController.m */,
				25D015441AA9BC0C0049C2F2 /* UIViewController+Extention.h */,
				25D015451AA9BC0C0049C2F2 /* UIViewController+Extention.m */,
				254695841AAC0AB000122053 /* AuthorizationController.h */,
				254695851AAC0AB000122053 /* AuthorizationController.m */,
			);
			path = Main;
			sourceTree = "<group>";
		};
		25D013AF1AA9A4380049C2F2 /* View */ = {
			isa = PBXGroup;
			children = (
				254695AC1AAC397300122053 /* UIView+Extention.h */,
				254695AD1AAC397300122053 /* UIView+Extention.m */,
				252376EF1AB53C5A00455BC8 /* Tabbar.h */,
				252376F01AB53C5A00455BC8 /* Tabbar.m */,
			);
			path = View;
			sourceTree = "<group>";
		};
		25D013B01AA9A4380049C2F2 /* Me */ = {
			isa = PBXGroup;
			children = (
				25D013B11AA9A4380049C2F2 /* Controller */,
				25D013B41AA9A4380049C2F2 /* Model */,
				25D013B51AA9A4380049C2F2 /* View */,
			);
			path = Me;
			sourceTree = "<group>";
		};
		25D013B11AA9A4380049C2F2 /* Controller */ = {
			isa = PBXGroup;
			children = (
				25D013B21AA9A4380049C2F2 /* MeController.h */,
				25D013B31AA9A4380049C2F2 /* MeController.m */,
			);
			path = Controller;
			sourceTree = "<group>";
		};
		25D013B41AA9A4380049C2F2 /* Model */ = {
			isa = PBXGroup;
			children = (
			);
			path = Model;
			sourceTree = "<group>";
		};
		25D013B51AA9A4380049C2F2 /* View */ = {
			isa = PBXGroup;
			children = (
			);
			path = View;
			sourceTree = "<group>";
		};
		25D013B61AA9A4380049C2F2 /* Message */ = {
			isa = PBXGroup;
			children = (
				25D013B71AA9A4380049C2F2 /* Controller */,
				25D013BA1AA9A4380049C2F2 /* Model */,
				25D013BB1AA9A4380049C2F2 /* View */,
			);
			path = Message;
			sourceTree = "<group>";
		};
		25D013B71AA9A4380049C2F2 /* Controller */ = {
			isa = PBXGroup;
			children = (
				25D013B81AA9A4380049C2F2 /* MessageController.h */,
				25D013B91AA9A4380049C2F2 /* MessageController.m */,
				25D015471AA9CCA90049C2F2 /* MessageDetailController.h */,
				25D015481AA9CCA90049C2F2 /* MessageDetailController.m */,
			);
			path = Controller;
			sourceTree = "<group>";
		};
		25D013BA1AA9A4380049C2F2 /* Model */ = {
			isa = PBXGroup;
			children = (
			);
			path = Model;
			sourceTree = "<group>";
		};
		25D013BB1AA9A4380049C2F2 /* View */ = {
			isa = PBXGroup;
			children = (
			);
			path = View;
			sourceTree = "<group>";
		};
		38D7A5991A54EAEAEDA2256E /* Pods */ = {
			isa = PBXGroup;
			children = (
				E9F31C5CC63E47F66728940C /* Pods.debug.xcconfig */,
				64028C594BE2706D0451882F /* Pods.release.xcconfig */,
			);
			name = Pods;
			sourceTree = "<group>";
		};
		5782828BCA453E1850ACFC8C /* Frameworks */ = {
			isa = PBXGroup;
			children = (
				25EA00671AC3FBEB00CCFE5F /* Reveal.framework */,
				AC2847FDCB89C059E7EE6FBF /* libPods.a */,
			);
			name = Frameworks;
			sourceTree = "<group>";
		};
/* End PBXGroup section */

/* Begin PBXNativeTarget section */
		25D00F091AA9A3CF0049C2F2 /* Sina */ = {
			isa = PBXNativeTarget;
			buildConfigurationList = 25D00F2D1AA9A3CF0049C2F2 /* Build configuration list for PBXNativeTarget "Sina" */;
			buildPhases = (
				38A688E417623F33783032A3 /* Check Pods Manifest.lock */,
				25D00F061AA9A3CF0049C2F2 /* Sources */,
				25D00F071AA9A3CF0049C2F2 /* Frameworks */,
				25D00F081AA9A3CF0049C2F2 /* Resources */,
				A348B4E0917CE6CB02A0229B /* Copy Pods Resources */,
			);
			buildRules = (
			);
			dependencies = (
			);
			name = Sina;
			productName = Sina;
			productReference = 25D00F0A1AA9A3CF0049C2F2 /* Sina.app */;
			productType = "com.apple.product-type.application";
		};
		25D00F221AA9A3CF0049C2F2 /* SinaTests */ = {
			isa = PBXNativeTarget;
			buildConfigurationList = 25D00F301AA9A3CF0049C2F2 /* Build configuration list for PBXNativeTarget "SinaTests" */;
			buildPhases = (
				25D00F1F1AA9A3CF0049C2F2 /* Sources */,
				25D00F201AA9A3CF0049C2F2 /* Frameworks */,
				25D00F211AA9A3CF0049C2F2 /* Resources */,
			);
			buildRules = (
			);
			dependencies = (
				25D00F251AA9A3CF0049C2F2 /* PBXTargetDependency */,
			);
			name = SinaTests;
			productName = SinaTests;
			productReference = 25D00F231AA9A3CF0049C2F2 /* SinaTests.xctest */;
			productType = "com.apple.product-type.bundle.unit-test";
		};
/* End PBXNativeTarget section */

/* Begin PBXProject section */
		25D00F021AA9A3CF0049C2F2 /* Project object */ = {
			isa = PBXProject;
			attributes = {
				LastUpgradeCheck = 0610;
				ORGANIZATIONNAME = xhj;
				TargetAttributes = {
					25D00F091AA9A3CF0049C2F2 = {
						CreatedOnToolsVersion = 6.1.1;
					};
					25D00F221AA9A3CF0049C2F2 = {
						CreatedOnToolsVersion = 6.1.1;
						TestTargetID = 25D00F091AA9A3CF0049C2F2;
					};
				};
			};
			buildConfigurationList = 25D00F051AA9A3CF0049C2F2 /* Build configuration list for PBXProject "Sina" */;
			compatibilityVersion = "Xcode 3.2";
			developmentRegion = English;
			hasScannedForEncodings = 0;
			knownRegions = (
				en,
				Base,
			);
			mainGroup = 25D00F011AA9A3CF0049C2F2;
			productRefGroup = 25D00F0B1AA9A3CF0049C2F2 /* Products */;
			projectDirPath = "";
			projectRoot = "";
			targets = (
				25D00F091AA9A3CF0049C2F2 /* Sina */,
				25D00F221AA9A3CF0049C2F2 /* SinaTests */,
			);
		};
/* End PBXProject section */

/* Begin PBXResourcesBuildPhase section */
		25D00F081AA9A3CF0049C2F2 /* Resources */ = {
			isa = PBXResourcesBuildPhase;
			buildActionMask = 2147483647;
			files = (
				25D00F1E1AA9A3CF0049C2F2 /* LaunchScreen.xib in Resources */,
				25D00F1B1AA9A3CF0049C2F2 /* Images.xcassets in Resources */,
			);
			runOnlyForDeploymentPostprocessing = 0;
		};
		25D00F211AA9A3CF0049C2F2 /* Resources */ = {
			isa = PBXResourcesBuildPhase;
			buildActionMask = 2147483647;
			files = (
			);
			runOnlyForDeploymentPostprocessing = 0;
		};
/* End PBXResourcesBuildPhase section */

/* Begin PBXShellScriptBuildPhase section */
		38A688E417623F33783032A3 /* Check Pods Manifest.lock */ = {
			isa = PBXShellScriptBuildPhase;
			buildActionMask = 2147483647;
			files = (
			);
			inputPaths = (
			);
			name = "Check Pods Manifest.lock";
			outputPaths = (
			);
			runOnlyForDeploymentPostprocessing = 0;
			shellPath = /bin/sh;
			shellScript = "diff \"${PODS_ROOT}/../Podfile.lock\" \"${PODS_ROOT}/Manifest.lock\" > /dev/null\nif [[ $? != 0 ]] ; then\n    cat << EOM\nerror: The sandbox is not in sync with the Podfile.lock. Run 'pod install' or update your CocoaPods installation.\nEOM\n    exit 1\nfi\n";
			showEnvVarsInLog = 0;
		};
		A348B4E0917CE6CB02A0229B /* Copy Pods Resources */ = {
			isa = PBXShellScriptBuildPhase;
			buildActionMask = 2147483647;
			files = (
			);
			inputPaths = (
			);
			name = "Copy Pods Resources";
			outputPaths = (
			);
			runOnlyForDeploymentPostprocessing = 0;
			shellPath = /bin/sh;
			shellScript = "\"${SRCROOT}/Pods/Target Support Files/Pods/Pods-resources.sh\"\n";
			showEnvVarsInLog = 0;
		};
/* End PBXShellScriptBuildPhase section */

/* Begin PBXSourcesBuildPhase section */
		25D00F061AA9A3CF0049C2F2 /* Sources */ = {
			isa = PBXSourcesBuildPhase;
			buildActionMask = 2147483647;
			files = (
				25D015401AA9AA620049C2F2 /* UITabBarController+Extention.m in Sources */,
				25FDB5D61AC03871007CB5D7 /* HJToolBarFrame.m in Sources */,
				25FDB5E81AC05B99007CB5D7 /* HJTooView.m in Sources */,
				25FDB5E51AC05A7C007CB5D7 /* HJOriginView.m in Sources */,
				254695861AAC0AB000122053 /* AuthorizationController.m in Sources */,
				25FDB5DC1AC05A21007CB5D7 /* HJStatusCell.m in Sources */,
				25D015391AA9A4380049C2F2 /* MeController.m in Sources */,
				25FDB5D91AC03B5B007CB5D7 /* HJStatusDetailFrame.m in Sources */,
				25FDB5D01AC03844007CB5D7 /* HJOriginViewFrame.m in Sources */,
				25FDB5DF1AC05A48007CB5D7 /* HJStatusDetailView.m in Sources */,
				254856111ABAAECE006C66F8 /* HJPhotoView.m in Sources */,
				25D0153A1AA9A4380049C2F2 /* MessageController.m in Sources */,
				254856141ABABC86006C66F8 /* HJToolBar.m in Sources */,
				254695A31AAC1FC000122053 /* AFURLResponseSerialization.m in Sources */,
				254695A11AAC1FC000122053 /* AFURLConnectionOperation.m in Sources */,
				25450C681ABEA9F9007F6D35 /* HJStatusModel.m in Sources */,
				25D013BD1AA9A4380049C2F2 /* HomeController.m in Sources */,
				25D0153D1AA9A9C10049C2F2 /* NavigationController.m in Sources */,
				25FDB5CD1AC03819007CB5D7 /* HJStatusFrame.m in Sources */,
				2548560A1ABA8174006C66F8 /* HJLoadMore.m in Sources */,
				2546959D1AAC1FC000122053 /* AFHTTPRequestOperationManager.m in Sources */,
				251281011AB5767A00135517 /* NewFeatureController.m in Sources */,
				254695AB1AAC351100122053 /* SearchBar.m in Sources */,
				25FDB5AF1ABFA44B007CB5D7 /* HJRemoteImageView.m in Sources */,
				25D015381AA9A4380049C2F2 /* Utility.m in Sources */,
				251E33311AB98E430028DBC3 /* NSBundle+Load.m in Sources */,
				254695A01AAC1FC000122053 /* AFSecurityPolicy.m in Sources */,
				25EA006B1AC4040500CCFE5F /* HJAvatorView.m in Sources */,
				25D013C11AA9A4380049C2F2 /* AppDelegate.m in Sources */,
				25D00F101AA9A3CF0049C2F2 /* main.m in Sources */,
				25FDB5D31AC03859007CB5D7 /* HJRetweentedViewFrame.m in Sources */,
				254856071ABA76C7006C66F8 /* HJImageView.m in Sources */,
				252376F81AB55E8400455BC8 /* ComposeMessageController.m in Sources */,
				254695A21AAC1FC000122053 /* AFURLRequestSerialization.m in Sources */,
				254695AE1AAC397300122053 /* UIView+Extention.m in Sources */,
				253D52321AC2CDD300C822F3 /* HJPhotosView.m in Sources */,
				25FDB5E21AC05A69007CB5D7 /* HJRetweenedView.m in Sources */,
				25FDB5AB1ABFA00F007CB5D7 /* NSDate+Extention.m in Sources */,
				2546959F1AAC1FC000122053 /* AFNetworkReachabilityManager.m in Sources */,
				25D015371AA9A4380049C2F2 /* UIImage+Extendion.m in Sources */,
				254695B11AAC415000122053 /* TitleButton.m in Sources */,
				25D015491AA9CCA90049C2F2 /* MessageDetailController.m in Sources */,
				251E33261AB9899F0028DBC3 /* HJUser.m in Sources */,
				25D015461AA9BC0C0049C2F2 /* UIViewController+Extention.m in Sources */,
				2546959C1AAC1FC000122053 /* AFHTTPRequestOperation.m in Sources */,
				25FDB5B21ABFB912007CB5D7 /* HJImageCache.m in Sources */,
				25D015431AA9BB9C0049C2F2 /* HomeViewController1.m in Sources */,
				2553455D1ABC1DA3001EF900 /* UnreadModal.m in Sources */,
				2548560E1ABAA4AB006C66F8 /* HJTextView.m in Sources */,
				2546959E1AAC1FC000122053 /* AFHTTPSessionManager.m in Sources */,
				254695A71AAC226800122053 /* TabBarController.m in Sources */,
				253D52381AC2E21500C822F3 /* HJStatusPhoto.m in Sources */,
				25D013BC1AA9A4380049C2F2 /* DiscoveryController.m in Sources */,
				254695A41AAC1FC000122053 /* AFURLSessionManager.m in Sources */,
				252376F11AB53C5A00455BC8 /* Tabbar.m in Sources */,
				255345561ABC0AC0001EF900 /* HJHttpTool.m in Sources */,
			);
			runOnlyForDeploymentPostprocessing = 0;
		};
		25D00F1F1AA9A3CF0049C2F2 /* Sources */ = {
			isa = PBXSourcesBuildPhase;
			buildActionMask = 2147483647;
			files = (
				25D00F2A1AA9A3CF0049C2F2 /* SinaTests.m in Sources */,
			);
			runOnlyForDeploymentPostprocessing = 0;
		};
/* End PBXSourcesBuildPhase section */

/* Begin PBXTargetDependency section */
		25D00F251AA9A3CF0049C2F2 /* PBXTargetDependency */ = {
			isa = PBXTargetDependency;
			target = 25D00F091AA9A3CF0049C2F2 /* Sina */;
			targetProxy = 25D00F241AA9A3CF0049C2F2 /* PBXContainerItemProxy */;
		};
/* End PBXTargetDependency section */

/* Begin PBXVariantGroup section */
		25D00F1C1AA9A3CF0049C2F2 /* LaunchScreen.xib */ = {
			isa = PBXVariantGroup;
			children = (
				25D00F1D1AA9A3CF0049C2F2 /* Base */,
			);
			name = LaunchScreen.xib;
			sourceTree = "<group>";
		};
/* End PBXVariantGroup section */

/* Begin XCBuildConfiguration section */
		25D00F2B1AA9A3CF0049C2F2 /* Debug */ = {
			isa = XCBuildConfiguration;
			buildSettings = {
				ALWAYS_SEARCH_USER_PATHS = NO;
				CLANG_CXX_LANGUAGE_STANDARD = "gnu++0x";
				CLANG_CXX_LIBRARY = "libc++";
				CLANG_ENABLE_MODULES = YES;
				CLANG_ENABLE_OBJC_ARC = YES;
				CLANG_WARN_BOOL_CONVERSION = YES;
				CLANG_WARN_CONSTANT_CONVERSION = YES;
				CLANG_WARN_DIRECT_OBJC_ISA_USAGE = YES_ERROR;
				CLANG_WARN_EMPTY_BODY = YES;
				CLANG_WARN_ENUM_CONVERSION = YES;
				CLANG_WARN_INT_CONVERSION = YES;
				CLANG_WARN_OBJC_ROOT_CLASS = YES_ERROR;
				CLANG_WARN_UNREACHABLE_CODE = YES;
				CLANG_WARN__DUPLICATE_METHOD_MATCH = YES;
				"CODE_SIGN_IDENTITY[sdk=iphoneos*]" = "iPhone Developer";
				COPY_PHASE_STRIP = NO;
				ENABLE_STRICT_OBJC_MSGSEND = YES;
				GCC_C_LANGUAGE_STANDARD = gnu99;
				GCC_DYNAMIC_NO_PIC = NO;
				GCC_OPTIMIZATION_LEVEL = 0;
				GCC_PRECOMPILE_PREFIX_HEADER = YES;
				GCC_PREFIX_HEADER = /Users/MLS/Desktop/OC/Sina/Sina/Class/Home/View/CommHeader.h;
				GCC_PREPROCESSOR_DEFINITIONS = (
					"DEBUG=1",
					"$(inherited)",
				);
				GCC_SYMBOLS_PRIVATE_EXTERN = NO;
				GCC_WARN_64_TO_32_BIT_CONVERSION = YES;
				GCC_WARN_ABOUT_RETURN_TYPE = YES_ERROR;
				GCC_WARN_UNDECLARED_SELECTOR = YES;
				GCC_WARN_UNINITIALIZED_AUTOS = YES_AGGRESSIVE;
				GCC_WARN_UNUSED_FUNCTION = YES;
				GCC_WARN_UNUSED_VARIABLE = YES;
				IPHONEOS_DEPLOYMENT_TARGET = 7.0;
				MTL_ENABLE_DEBUG_INFO = YES;
				ONLY_ACTIVE_ARCH = YES;
				"OTHER_LIBTOOLFLAGS[arch=*]" = "-Objc";
				SDKROOT = iphoneos;
			};
			name = Debug;
		};
		25D00F2C1AA9A3CF0049C2F2 /* Release */ = {
			isa = XCBuildConfiguration;
			buildSettings = {
				ALWAYS_SEARCH_USER_PATHS = NO;
				CLANG_CXX_LANGUAGE_STANDARD = "gnu++0x";
				CLANG_CXX_LIBRARY = "libc++";
				CLANG_ENABLE_MODULES = YES;
				CLANG_ENABLE_OBJC_ARC = YES;
				CLANG_WARN_BOOL_CONVERSION = YES;
				CLANG_WARN_CONSTANT_CONVERSION = YES;
				CLANG_WARN_DIRECT_OBJC_ISA_USAGE = YES_ERROR;
				CLANG_WARN_EMPTY_BODY = YES;
				CLANG_WARN_ENUM_CONVERSION = YES;
				CLANG_WARN_INT_CONVERSION = YES;
				CLANG_WARN_OBJC_ROOT_CLASS = YES_ERROR;
				CLANG_WARN_UNREACHABLE_CODE = YES;
				CLANG_WARN__DUPLICATE_METHOD_MATCH = YES;
				"CODE_SIGN_IDENTITY[sdk=iphoneos*]" = "iPhone Developer";
				COPY_PHASE_STRIP = YES;
				ENABLE_NS_ASSERTIONS = NO;
				ENABLE_STRICT_OBJC_MSGSEND = YES;
				GCC_C_LANGUAGE_STANDARD = gnu99;
				GCC_PRECOMPILE_PREFIX_HEADER = YES;
				GCC_PREFIX_HEADER = /Users/MLS/Desktop/OC/Sina/Sina/Class/Home/View/CommHeader.h;
				GCC_WARN_64_TO_32_BIT_CONVERSION = YES;
				GCC_WARN_ABOUT_RETURN_TYPE = YES_ERROR;
				GCC_WARN_UNDECLARED_SELECTOR = YES;
				GCC_WARN_UNINITIALIZED_AUTOS = YES_AGGRESSIVE;
				GCC_WARN_UNUSED_FUNCTION = YES;
				GCC_WARN_UNUSED_VARIABLE = YES;
				IPHONEOS_DEPLOYMENT_TARGET = 7.0;
				MTL_ENABLE_DEBUG_INFO = NO;
				SDKROOT = iphoneos;
				VALIDATE_PRODUCT = YES;
			};
			name = Release;
		};
		25D00F2E1AA9A3CF0049C2F2 /* Debug */ = {
			isa = XCBuildConfiguration;
			baseConfigurationReference = E9F31C5CC63E47F66728940C /* Pods.debug.xcconfig */;
			buildSettings = {
				ASSETCATALOG_COMPILER_APPICON_NAME = AppIcon;
				ASSETCATALOG_COMPILER_LAUNCHIMAGE_NAME = LaunchImage;
				FRAMEWORK_SEARCH_PATHS = (
					"$(inherited)",
					"$(PROJECT_DIR)/Sina/Class/Home/Model",
					"$(PROJECT_DIR)/Sina/Class/Home/View",
					"$(PROJECT_DIR)/Sina/Class/Main/View",
				);
				GCC_PRECOMPILE_PREFIX_HEADER = YES;
				INFOPLIST_FILE = Sina/Info.plist;
				IPHONEOS_DEPLOYMENT_TARGET = 7.0;
				LD_RUNPATH_SEARCH_PATHS = "$(inherited) @executable_path/Frameworks";
				"OTHER_LIBTOOLFLAGS[arch=*]" = "$(OTHER_LDFLAGS) -lz -framework  Reveal";
				PRODUCT_NAME = "$(TARGET_NAME)";
			};
			name = Debug;
		};
		25D00F2F1AA9A3CF0049C2F2 /* Release */ = {
			isa = XCBuildConfiguration;
			baseConfigurationReference = 64028C594BE2706D0451882F /* Pods.release.xcconfig */;
			buildSettings = {
				ASSETCATALOG_COMPILER_APPICON_NAME = AppIcon;
				ASSETCATALOG_COMPILER_LAUNCHIMAGE_NAME = LaunchImage;
				FRAMEWORK_SEARCH_PATHS = (
					"$(inherited)",
					"$(PROJECT_DIR)/Sina/Class/Home/Model",
					"$(PROJECT_DIR)/Sina/Class/Home/View",
					"$(PROJECT_DIR)/Sina/Class/Main/View",
				);
				GCC_PRECOMPILE_PREFIX_HEADER = YES;
				INFOPLIST_FILE = Sina/Info.plist;
				IPHONEOS_DEPLOYMENT_TARGET = 7.0;
				LD_RUNPATH_SEARCH_PATHS = "$(inherited) @executable_path/Frameworks";
				PRODUCT_NAME = "$(TARGET_NAME)";
			};
			name = Release;
		};
		25D00F311AA9A3CF0049C2F2 /* Debug */ = {
			isa = XCBuildConfiguration;
			buildSettings = {
				BUNDLE_LOADER = "$(TEST_HOST)";
				FRAMEWORK_SEARCH_PATHS = (
					"$(SDKROOT)/Developer/Library/Frameworks",
					"$(inherited)",
				);
				GCC_PREPROCESSOR_DEFINITIONS = (
					"DEBUG=1",
					"$(inherited)",
				);
				INFOPLIST_FILE = SinaTests/Info.plist;
				LD_RUNPATH_SEARCH_PATHS = "$(inherited) @executable_path/Frameworks @loader_path/Frameworks";
				PRODUCT_NAME = "$(TARGET_NAME)";
				TEST_HOST = "$(BUILT_PRODUCTS_DIR)/Sina.app/Sina";
			};
			name = Debug;
		};
		25D00F321AA9A3CF0049C2F2 /* Release */ = {
			isa = XCBuildConfiguration;
			buildSettings = {
				BUNDLE_LOADER = "$(TEST_HOST)";
				FRAMEWORK_SEARCH_PATHS = (
					"$(SDKROOT)/Developer/Library/Frameworks",
					"$(inherited)",
				);
				INFOPLIST_FILE = SinaTests/Info.plist;
				LD_RUNPATH_SEARCH_PATHS = "$(inherited) @executable_path/Frameworks @loader_path/Frameworks";
				PRODUCT_NAME = "$(TARGET_NAME)";
				TEST_HOST = "$(BUILT_PRODUCTS_DIR)/Sina.app/Sina";
			};
			name = Release;
		};
/* End XCBuildConfiguration section */

/* Begin XCConfigurationList section */
		25D00F051AA9A3CF0049C2F2 /* Build configuration list for PBXProject "Sina" */ = {
			isa = XCConfigurationList;
			buildConfigurations = (
				25D00F2B1AA9A3CF0049C2F2 /* Debug */,
				25D00F2C1AA9A3CF0049C2F2 /* Release */,
			);
			defaultConfigurationIsVisible = 0;
			defaultConfigurationName = Release;
		};
		25D00F2D1AA9A3CF0049C2F2 /* Build configuration list for PBXNativeTarget "Sina" */ = {
			isa = XCConfigurationList;
			buildConfigurations = (
				25D00F2E1AA9A3CF0049C2F2 /* Debug */,
				25D00F2F1AA9A3CF0049C2F2 /* Release */,
			);
			defaultConfigurationIsVisible = 0;
			defaultConfigurationName = Release;
		};
		25D00F301AA9A3CF0049C2F2 /* Build configuration list for PBXNativeTarget "SinaTests" */ = {
			isa = XCConfigurationList;
			buildConfigurations = (
				25D00F311AA9A3CF0049C2F2 /* Debug */,
				25D00F321AA9A3CF0049C2F2 /* Release */,
			);
			defaultConfigurationIsVisible = 0;
			defaultConfigurationName = Release;
		};
/* End XCConfigurationList section */
	};
	rootObject = 25D00F021AA9A3CF0049C2F2 /* Project object */;
}
